
Microsoft Visual Studio Solution File, Format Version 12.00
# Visual Studio Version 17
VisualStudioVersion = 17.0.31903.59
MinimumVisualStudioVersion = 10.0.40219.1
Project("{8BC9CEB8-8B4A-11D0-8D11-00A0C91BC942}") = "07-01", "7-01\7-01.vcxproj", "{86B95531-B95E-4F4E-901F-3628AC5219B9}"
EndProject
Project("{8BC9CEB8-8B4A-11D0-8D11-00A0C91BC942}") = "07-02", "07-02\07-02.vcxproj", "{5EA23551-A925-49FA-B1AB-16CD9746676B}"
EndProject
Project("{8BC9CEB8-8B4A-11D0-8D11-00A0C91BC942}") = "07-03", "07-03\07-03.vcxproj", "{76544E74-FF83-4408-9ABA-1B2F723222AE}"
EndProject
Project("{8BC9CEB8-8B4A-11D0-8D11-00A0C91BC942}") = "07-03x", "07-03x\07-03x.vcxproj", "{8FD35810-FC16-4DB0-9A18-9984318FCF77}"
EndProject
Project("{8BC9CEB8-8B4A-11D0-8D11-00A0C91BC942}") = "07-04", "07-04\07-04.vcxproj", "{99985C5E-F488-41D3-BE04-A5E96B7F77C1}"
EndProject
Project("{8BC9CEB8-8B4A-11D0-8D11-00A0C91BC942}") = "07-04x", "07-04x\07-04x.vcxproj", "{6FDC5D9B-808E-411A-A7E3-141F04C649DE}"
EndProject
Project("{8BC9CEB8-8B4A-11D0-8D11-00A0C91BC942}") = "07-05", "07-05\07-05.vcxproj", "{45ABF2AD-778A-4506-91D3-8DB17C343DEE}"
EndProject
Project("{8BC9CEB8-8B4A-11D0-8D11-00A0C91BC942}") = "07-05A", "07-05A\07-05A.vcxproj", "{AABA62CD-4A2A-4D4C-B276-F5CCE11CB7D3}"
EndProject
Project("{8BC9CEB8-8B4A-11D0-8D11-00A0C91BC942}") = "07-05B", "07-05B\07-05B.vcxproj", "{883B4726-9C33-452B-9367-103D0B6F2370}"
EndProject
Global
	GlobalSection(SolutionConfigurationPlatforms) = preSolution
		Debug|x64 = Debug|x64
		Debug|x86 = Debug|x86
		Release|x64 = Release|x64
		Release|x86 = Release|x86
	EndGlobalSection
	GlobalSection(ProjectConfigurationPlatforms) = postSolution
		{86B95531-B95E-4F4E-901F-3628AC5219B9}.Debug|x64.ActiveCfg = Debug|x64
		{86B95531-B95E-4F4E-901F-3628AC5219B9}.Debug|x64.Build.0 = Debug|x64
		{86B95531-B95E-4F4E-901F-3628AC5219B9}.Debug|x86.ActiveCfg = Debug|Win32
		{86B95531-B95E-4F4E-901F-3628AC5219B9}.Debug|x86.Build.0 = Debug|Win32
		{86B95531-B95E-4F4E-901F-3628AC5219B9}.Release|x64.ActiveCfg = Release|x64
		{86B95531-B95E-4F4E-901F-3628AC5219B9}.Release|x64.Build.0 = Release|x64
		{86B95531-B95E-4F4E-901F-3628AC5219B9}.Release|x86.ActiveCfg = Release|Win32
		{86B95531-B95E-4F4E-901F-3628AC5219B9}.Release|x86.Build.0 = Release|Win32
		{5EA23551-A925-49FA-B1AB-16CD9746676B}.Debug|x64.ActiveCfg = Debug|x64
		{5EA23551-A925-49FA-B1AB-16CD9746676B}.Debug|x64.Build.0 = Debug|x64
		{5EA23551-A925-49FA-B1AB-16CD9746676B}.Debug|x86.ActiveCfg = Debug|Win32
		{5EA23551-A925-49FA-B1AB-16CD9746676B}.Debug|x86.Build.0 = Debug|Win32
		{5EA23551-A925-49FA-B1AB-16CD9746676B}.Release|x64.ActiveCfg = Release|x64
		{5EA23551-A925-49FA-B1AB-16CD9746676B}.Release|x64.Build.0 = Release|x64
		{5EA23551-A925-49FA-B1AB-16CD9746676B}.Release|x86.ActiveCfg = Release|Win32
		{5EA23551-A925-49FA-B1AB-16CD9746676B}.Release|x86.Build.0 = Release|Win32
		{76544E74-FF83-4408-9ABA-1B2F723222AE}.Debug|x64.ActiveCfg = Debug|x64
		{76544E74-FF83-4408-9ABA-1B2F723222AE}.Debug|x64.Build.0 = Debug|x64
		{76544E74-FF83-4408-9ABA-1B2F723222AE}.Debug|x86.ActiveCfg = Debug|Win32
		{76544E74-FF83-4408-9ABA-1B2F723222AE}.Debug|x86.Build.0 = Debug|Win32
		{76544E74-FF83-4408-9ABA-1B2F723222AE}.Release|x64.ActiveCfg = Release|x64
		{76544E74-FF83-4408-9ABA-1B2F723222AE}.Release|x64.Build.0 = Release|x64
		{76544E74-FF83-4408-9ABA-1B2F723222AE}.Release|x86.ActiveCfg = Release|Win32
		{76544E74-FF83-4408-9ABA-1B2F723222AE}.Release|x86.Build.0 = Release|Win32
		{8FD35810-FC16-4DB0-9A18-9984318FCF77}.Debug|x64.ActiveCfg = Debug|x64
		{8FD35810-FC16-4DB0-9A18-9984318FCF77}.Debug|x64.Build.0 = Debug|x64
		{8FD35810-FC16-4DB0-9A18-9984318FCF77}.Debug|x86.ActiveCfg = Debug|Win32
		{8FD35810-FC16-4DB0-9A18-9984318FCF77}.Debug|x86.Build.0 = Debug|Win32
		{8FD35810-FC16-4DB0-9A18-9984318FCF77}.Release|x64.ActiveCfg = Release|x64
		{8FD35810-FC16-4DB0-9A18-9984318FCF77}.Release|x64.Build.0 = Release|x64
		{8FD35810-FC16-4DB0-9A18-9984318FCF77}.Release|x86.ActiveCfg = Release|Win32
		{8FD35810-FC16-4DB0-9A18-9984318FCF77}.Release|x86.Build.0 = Release|Win32
		{99985C5E-F488-41D3-BE04-A5E96B7F77C1}.Debug|x64.ActiveCfg = Debug|x64
		{99985C5E-F488-41D3-BE04-A5E96B7F77C1}.Debug|x64.Build.0 = Debug|x64
		{99985C5E-F488-41D3-BE04-A5E96B7F77C1}.Debug|x86.ActiveCfg = Debug|Win32
		{99985C5E-F488-41D3-BE04-A5E96B7F77C1}.Debug|x86.Build.0 = Debug|Win32
		{99985C5E-F488-41D3-BE04-A5E96B7F77C1}.Release|x64.ActiveCfg = Release|x64
		{99985C5E-F488-41D3-BE04-A5E96B7F77C1}.Release|x64.Build.0 = Release|x64
		{99985C5E-F488-41D3-BE04-A5E96B7F77C1}.Release|x86.ActiveCfg = Release|Win32
		{99985C5E-F488-41D3-BE04-A5E96B7F77C1}.Release|x86.Build.0 = Release|Win32
		{6FDC5D9B-808E-411A-A7E3-141F04C649DE}.Debug|x64.ActiveCfg = Debug|x64
		{6FDC5D9B-808E-411A-A7E3-141F04C649DE}.Debug|x64.Build.0 = Debug|x64
		{6FDC5D9B-808E-411A-A7E3-141F04C649DE}.Debug|x86.ActiveCfg = Debug|Win32
		{6FDC5D9B-808E-411A-A7E3-141F04C649DE}.Debug|x86.Build.0 = Debug|Win32
		{6FDC5D9B-808E-411A-A7E3-141F04C649DE}.Release|x64.ActiveCfg = Release|x64
		{6FDC5D9B-808E-411A-A7E3-141F04C649DE}.Release|x64.Build.0 = Release|x64
		{6FDC5D9B-808E-411A-A7E3-141F04C649DE}.Release|x86.ActiveCfg = Release|Win32
		{6FDC5D9B-808E-411A-A7E3-141F04C649DE}.Release|x86.Build.0 = Release|Win32
		{45ABF2AD-778A-4506-91D3-8DB17C343DEE}.Debug|x64.ActiveCfg = Debug|x64
		{45ABF2AD-778A-4506-91D3-8DB17C343DEE}.Debug|x64.Build.0 = Debug|x64
		{45ABF2AD-778A-4506-91D3-8DB17C343DEE}.Debug|x86.ActiveCfg = Debug|Win32
		{45ABF2AD-778A-4506-91D3-8DB17C343DEE}.Debug|x86.Build.0 = Debug|Win32
		{45ABF2AD-778A-4506-91D3-8DB17C343DEE}.Release|x64.ActiveCfg = Release|x64
		{45ABF2AD-778A-4506-91D3-8DB17C343DEE}.Release|x64.Build.0 = Release|x64
		{45ABF2AD-778A-4506-91D3-8DB17C343DEE}.Release|x86.ActiveCfg = Release|Win32
		{45ABF2AD-778A-4506-91D3-8DB17C343DEE}.Release|x86.Build.0 = Release|Win32
		{AABA62CD-4A2A-4D4C-B276-F5CCE11CB7D3}.Debug|x64.ActiveCfg = Debug|x64
		{AABA62CD-4A2A-4D4C-B276-F5CCE11CB7D3}.Debug|x64.Build.0 = Debug|x64
		{AABA62CD-4A2A-4D4C-B276-F5CCE11CB7D3}.Debug|x86.ActiveCfg = Debug|Win32
		{AABA62CD-4A2A-4D4C-B276-F5CCE11CB7D3}.Debug|x86.Build.0 = Debug|Win32
		{AABA62CD-4A2A-4D4C-B276-F5CCE11CB7D3}.Release|x64.ActiveCfg = Release|x64
		{AABA62CD-4A2A-4D4C-B276-F5CCE11CB7D3}.Release|x64.Build.0 = Release|x64
		{AABA62CD-4A2A-4D4C-B276-F5CCE11CB7D3}.Release|x86.ActiveCfg = Release|Win32
		{AABA62CD-4A2A-4D4C-B276-F5CCE11CB7D3}.Release|x86.Build.0 = Release|Win32
		{883B4726-9C33-452B-9367-103D0B6F2370}.Debug|x64.ActiveCfg = Debug|x64
		{883B4726-9C33-452B-9367-103D0B6F2370}.Debug|x64.Build.0 = Debug|x64
		{883B4726-9C33-452B-9367-103D0B6F2370}.Debug|x86.ActiveCfg = Debug|Win32
		{883B4726-9C33-452B-9367-103D0B6F2370}.Debug|x86.Build.0 = Debug|Win32
		{883B4726-9C33-452B-9367-103D0B6F2370}.Release|x64.ActiveCfg = Release|x64
		{883B4726-9C33-452B-9367-103D0B6F2370}.Release|x64.Build.0 = Release|x64
		{883B4726-9C33-452B-9367-103D0B6F2370}.Release|x86.ActiveCfg = Release|Win32
		{883B4726-9C33-452B-9367-103D0B6F2370}.Release|x86.Build.0 = Release|Win32
	EndGlobalSection
	GlobalSection(SolutionProperties) = preSolution
		HideSolutionNode = FALSE
	EndGlobalSection
	GlobalSection(ExtensibilityGlobals) = postSolution
		SolutionGuid = {F9F7DECB-2700-4F19-92A8-4F6F84787579}
	EndGlobalSection
EndGlobal
